
Microsoft Visual Studio Solution File, Format Version 12.00
# Visual Studio 15
VisualStudioVersion = 15.0.28307.421
MinimumVisualStudioVersion = 10.0.40219.1
Project("{FAE04EC0-301F-11D3-BF4B-00C04F79EFBC}") = "Lab3", "Lab3\Lab3.csproj", "{257FF777-E21B-4DBA-9D3A-0E9A8911B774}"
EndProject
Global
	GlobalSection(SolutionConfigurationPlatforms) = preSolution
		Debug|Any CPU = Debug|Any CPU
		Release|Any CPU = Release|Any CPU
	EndGlobalSection
	GlobalSection(ProjectConfigurationPlatforms) = postSolution
		{257FF777-E21B-4DBA-9D3A-0E9A8911B774}.Debug|Any CPU.ActiveCfg = Debug|Any CPU
		{257FF777-E21B-4DBA-9D3A-0E9A8911B774}.Debug|Any CPU.Build.0 = Debug|Any CPU
		{257FF777-E21B-4DBA-9D3A-0E9A8911B774}.Release|Any CPU.ActiveCfg = Release|Any CPU
		{257FF777-E21B-4DBA-9D3A-0E9A8911B774}.Release|Any CPU.Build.0 = Release|Any CPU
	EndGlobalSection
	GlobalSection(SolutionProperties) = preSolution
		HideSolutionNode = FALSE
	EndGlobalSection
	GlobalSection(ExtensibilityGlobals) = postSolution
		SolutionGuid = {4F47A9A7-0DB2-408C-B580-4EBD88D9781B}
	EndGlobalSection
EndGlobal
